
Microsoft Visual Studio Solution File, Format Version 12.00
# Visual Studio Version 17
VisualStudioVersion = 17.6.33815.320
MinimumVisualStudioVersion = 10.0.40219.1
Project("{FAE04EC0-301F-11D3-BF4B-00C04F79EFBC}") = "HolaMundo6", "HolaMundo6\HolaMundo6.csproj", "{D16CCBBA-FCEF-49A9-87B7-FA7BF10CE7AE}"
EndProject
Global
	GlobalSection(SolutionConfigurationPlatforms) = preSolution
		Debug|Any CPU = Debug|Any CPU
		Release|Any CPU = Release|Any CPU
	EndGlobalSection
	GlobalSection(ProjectConfigurationPlatforms) = postSolution
		{D16CCBBA-FCEF-49A9-87B7-FA7BF10CE7AE}.Debug|Any CPU.ActiveCfg = Debug|Any CPU
		{D16CCBBA-FCEF-49A9-87B7-FA7BF10CE7AE}.Debug|Any CPU.Build.0 = Debug|Any CPU
		{D16CCBBA-FCEF-49A9-87B7-FA7BF10CE7AE}.Release|Any CPU.ActiveCfg = Release|Any CPU
		{D16CCBBA-FCEF-49A9-87B7-FA7BF10CE7AE}.Release|Any CPU.Build.0 = Release|Any CPU
	EndGlobalSection
	GlobalSection(SolutionProperties) = preSolution
		HideSolutionNode = FALSE
	EndGlobalSection
	GlobalSection(ExtensibilityGlobals) = postSolution
		SolutionGuid = {CCF8E61F-8988-4CF7-AE2C-FEC1FB23468B}
	EndGlobalSection
EndGlobal
